
Microsoft Visual Studio Solution File, Format Version 12.00
# Visual Studio Version 17
VisualStudioVersion = 17.5.002.0
MinimumVisualStudioVersion = 10.0.40219.1
Project("{2150E333-8FDC-42A3-9474-1A3956D46DE8}") = "vote", "vote", "{6689ADEF-479A-48E7-9005-8892F86EE160}"
EndProject
Project("{2150E333-8FDC-42A3-9474-1A3956D46DE8}") = "1-smart-contract", "1-smart-contract", "{C3D6A124-CE9C-4C7A-8C80-9CEA29137689}"
EndProject
Project("{9A19103F-16F7-4668-BE54-9A1E7A4F7556}") = "BuildersDAO.Tests", "vote\1-smart-contract\test\BuildersDAO.Tests.csproj", "{116AABC0-1103-4632-A20A-8EE907E91899}"
EndProject
Project("{9A19103F-16F7-4668-BE54-9A1E7A4F7556}") = "BuildersDAO", "vote\1-smart-contract\src\BuildersDAO.csproj", "{B25F81ED-A34E-4A93-84AF-7EBD3F75096A}"
EndProject
Project("{2150E333-8FDC-42A3-9474-1A3956D46DE8}") = "tic-tac-toe", "tic-tac-toe", "{8BF1FA88-7832-494C-AC69-899A0DEC4CA5}"
EndProject
Project("{2150E333-8FDC-42A3-9474-1A3956D46DE8}") = "1-smart-contract", "1-smart-contract", "{B75D359C-E8ED-4B0C-9BE7-AD12784EE432}"
EndProject
Project("{9A19103F-16F7-4668-BE54-9A1E7A4F7556}") = "TicTacToe.Tests", "tic-tac-toe\1-smart-contract\test\TicTacToe.Tests.csproj", "{D1FA2091-F76E-4171-A47F-BFC6A8249A52}"
EndProject
Project("{9A19103F-16F7-4668-BE54-9A1E7A4F7556}") = "TicTacToe", "tic-tac-toe\1-smart-contract\src\TicTacToe.csproj", "{FD76B724-D719-4375-B08D-86F6915EB502}"
EndProject
Project("{2150E333-8FDC-42A3-9474-1A3956D46DE8}") = "todo", "todo", "{B6C48E75-95C3-4C7F-8D3D-B830227D02DD}"
EndProject
Project("{2150E333-8FDC-42A3-9474-1A3956D46DE8}") = "1-smart-contract", "1-smart-contract", "{E6EB932F-5419-4A5C-8873-5CEE5E6884D8}"
EndProject
Project("{9A19103F-16F7-4668-BE54-9A1E7A4F7556}") = "ToDo.Tests", "todo\1-smart-contract\test\ToDo.Tests.csproj", "{92E377E0-1B1E-4820-9DF9-E3564AF762FC}"
EndProject
Project("{9A19103F-16F7-4668-BE54-9A1E7A4F7556}") = "ToDo", "todo\1-smart-contract\src\ToDo.csproj", "{7F0A05C0-D4DD-4E80-8785-548A15C35F3C}"
EndProject
Project("{2150E333-8FDC-42A3-9474-1A3956D46DE8}") = "expense-tracker", "expense-tracker", "{AF61A7CB-5890-454E-9D64-CFAC57E73EB9}"
EndProject
Project("{2150E333-8FDC-42A3-9474-1A3956D46DE8}") = "1-smart-contract", "1-smart-contract", "{72D6F266-E4A8-4222-A605-70BEFEBE2CC4}"
EndProject
Project("{9A19103F-16F7-4668-BE54-9A1E7A4F7556}") = "ExpenseTracker.Tests", "expense-tracker\1-smart-contract\test\ExpenseTracker.Tests.csproj", "{C5CA673F-BDF7-4171-AA51-D56B6CA41290}"
EndProject
Project("{9A19103F-16F7-4668-BE54-9A1E7A4F7556}") = "ExpenseTracker", "expense-tracker\1-smart-contract\src\ExpenseTracker.csproj", "{7B2BE631-6D3F-4941-BBB1-D08CD4F50BA3}"
EndProject
Project("{2150E333-8FDC-42A3-9474-1A3956D46DE8}") = "staking", "staking", "{FF60937D-A41B-48E9-877C-AF39464560D2}"
EndProject
Project("{2150E333-8FDC-42A3-9474-1A3956D46DE8}") = "1-smart-contract", "1-smart-contract", "{2F93C060-1023-47B6-BD3C-F883A63E58CE}"
EndProject
Project("{9A19103F-16F7-4668-BE54-9A1E7A4F7556}") = "SinglePoolStaking.Tests", "staking\1-smart-contract\test\SinglePoolStaking.Tests.csproj", "{648EC895-BE85-43FA-9ECD-2C220F2448D1}"
EndProject
Project("{9A19103F-16F7-4668-BE54-9A1E7A4F7556}") = "SinglePoolStaking", "staking\1-smart-contract\src\SinglePoolStaking.csproj", "{D4736ACE-B57C-473F-BBE3-A4AD48D7AEB4}"
EndProject
Global
	GlobalSection(SolutionConfigurationPlatforms) = preSolution
		Debug|Any CPU = Debug|Any CPU
		Release|Any CPU = Release|Any CPU
	EndGlobalSection
	GlobalSection(ProjectConfigurationPlatforms) = postSolution
		{116AABC0-1103-4632-A20A-8EE907E91899}.Debug|Any CPU.ActiveCfg = Debug|Any CPU
		{116AABC0-1103-4632-A20A-8EE907E91899}.Debug|Any CPU.Build.0 = Debug|Any CPU
		{116AABC0-1103-4632-A20A-8EE907E91899}.Release|Any CPU.ActiveCfg = Release|Any CPU
		{116AABC0-1103-4632-A20A-8EE907E91899}.Release|Any CPU.Build.0 = Release|Any CPU
		{B25F81ED-A34E-4A93-84AF-7EBD3F75096A}.Debug|Any CPU.ActiveCfg = Debug|Any CPU
		{B25F81ED-A34E-4A93-84AF-7EBD3F75096A}.Debug|Any CPU.Build.0 = Debug|Any CPU
		{B25F81ED-A34E-4A93-84AF-7EBD3F75096A}.Release|Any CPU.ActiveCfg = Release|Any CPU
		{B25F81ED-A34E-4A93-84AF-7EBD3F75096A}.Release|Any CPU.Build.0 = Release|Any CPU
		{D1FA2091-F76E-4171-A47F-BFC6A8249A52}.Debug|Any CPU.ActiveCfg = Debug|Any CPU
		{D1FA2091-F76E-4171-A47F-BFC6A8249A52}.Debug|Any CPU.Build.0 = Debug|Any CPU
		{D1FA2091-F76E-4171-A47F-BFC6A8249A52}.Release|Any CPU.ActiveCfg = Release|Any CPU
		{D1FA2091-F76E-4171-A47F-BFC6A8249A52}.Release|Any CPU.Build.0 = Release|Any CPU
		{FD76B724-D719-4375-B08D-86F6915EB502}.Debug|Any CPU.ActiveCfg = Debug|Any CPU
		{FD76B724-D719-4375-B08D-86F6915EB502}.Debug|Any CPU.Build.0 = Debug|Any CPU
		{FD76B724-D719-4375-B08D-86F6915EB502}.Release|Any CPU.ActiveCfg = Release|Any CPU
		{FD76B724-D719-4375-B08D-86F6915EB502}.Release|Any CPU.Build.0 = Release|Any CPU
		{92E377E0-1B1E-4820-9DF9-E3564AF762FC}.Debug|Any CPU.ActiveCfg = Debug|Any CPU
		{92E377E0-1B1E-4820-9DF9-E3564AF762FC}.Debug|Any CPU.Build.0 = Debug|Any CPU
		{92E377E0-1B1E-4820-9DF9-E3564AF762FC}.Release|Any CPU.ActiveCfg = Release|Any CPU
		{92E377E0-1B1E-4820-9DF9-E3564AF762FC}.Release|Any CPU.Build.0 = Release|Any CPU
		{7F0A05C0-D4DD-4E80-8785-548A15C35F3C}.Debug|Any CPU.ActiveCfg = Debug|Any CPU
		{7F0A05C0-D4DD-4E80-8785-548A15C35F3C}.Debug|Any CPU.Build.0 = Debug|Any CPU
		{7F0A05C0-D4DD-4E80-8785-548A15C35F3C}.Release|Any CPU.ActiveCfg = Release|Any CPU
		{7F0A05C0-D4DD-4E80-8785-548A15C35F3C}.Release|Any CPU.Build.0 = Release|Any CPU
		{C5CA673F-BDF7-4171-AA51-D56B6CA41290}.Debug|Any CPU.ActiveCfg = Debug|Any CPU
		{C5CA673F-BDF7-4171-AA51-D56B6CA41290}.Debug|Any CPU.Build.0 = Debug|Any CPU
		{C5CA673F-BDF7-4171-AA51-D56B6CA41290}.Release|Any CPU.ActiveCfg = Release|Any CPU
		{C5CA673F-BDF7-4171-AA51-D56B6CA41290}.Release|Any CPU.Build.0 = Release|Any CPU
		{7B2BE631-6D3F-4941-BBB1-D08CD4F50BA3}.Debug|Any CPU.ActiveCfg = Debug|Any CPU
		{7B2BE631-6D3F-4941-BBB1-D08CD4F50BA3}.Debug|Any CPU.Build.0 = Debug|Any CPU
		{7B2BE631-6D3F-4941-BBB1-D08CD4F50BA3}.Release|Any CPU.ActiveCfg = Release|Any CPU
		{7B2BE631-6D3F-4941-BBB1-D08CD4F50BA3}.Release|Any CPU.Build.0 = Release|Any CPU
		{648EC895-BE85-43FA-9ECD-2C220F2448D1}.Debug|Any CPU.ActiveCfg = Debug|Any CPU
		{648EC895-BE85-43FA-9ECD-2C220F2448D1}.Debug|Any CPU.Build.0 = Debug|Any CPU
		{648EC895-BE85-43FA-9ECD-2C220F2448D1}.Release|Any CPU.ActiveCfg = Release|Any CPU
		{648EC895-BE85-43FA-9ECD-2C220F2448D1}.Release|Any CPU.Build.0 = Release|Any CPU
		{D4736ACE-B57C-473F-BBE3-A4AD48D7AEB4}.Debug|Any CPU.ActiveCfg = Debug|Any CPU
		{D4736ACE-B57C-473F-BBE3-A4AD48D7AEB4}.Debug|Any CPU.Build.0 = Debug|Any CPU
		{D4736ACE-B57C-473F-BBE3-A4AD48D7AEB4}.Release|Any CPU.ActiveCfg = Release|Any CPU
		{D4736ACE-B57C-473F-BBE3-A4AD48D7AEB4}.Release|Any CPU.Build.0 = Release|Any CPU
	EndGlobalSection
	GlobalSection(SolutionProperties) = preSolution
		HideSolutionNode = FALSE
	EndGlobalSection
	GlobalSection(NestedProjects) = preSolution
		{C3D6A124-CE9C-4C7A-8C80-9CEA29137689} = {6689ADEF-479A-48E7-9005-8892F86EE160}
		{116AABC0-1103-4632-A20A-8EE907E91899} = {C3D6A124-CE9C-4C7A-8C80-9CEA29137689}
		{B25F81ED-A34E-4A93-84AF-7EBD3F75096A} = {C3D6A124-CE9C-4C7A-8C80-9CEA29137689}
		{B75D359C-E8ED-4B0C-9BE7-AD12784EE432} = {8BF1FA88-7832-494C-AC69-899A0DEC4CA5}
		{D1FA2091-F76E-4171-A47F-BFC6A8249A52} = {B75D359C-E8ED-4B0C-9BE7-AD12784EE432}
		{FD76B724-D719-4375-B08D-86F6915EB502} = {B75D359C-E8ED-4B0C-9BE7-AD12784EE432}
		{E6EB932F-5419-4A5C-8873-5CEE5E6884D8} = {B6C48E75-95C3-4C7F-8D3D-B830227D02DD}
		{92E377E0-1B1E-4820-9DF9-E3564AF762FC} = {E6EB932F-5419-4A5C-8873-5CEE5E6884D8}
		{7F0A05C0-D4DD-4E80-8785-548A15C35F3C} = {E6EB932F-5419-4A5C-8873-5CEE5E6884D8}
		{72D6F266-E4A8-4222-A605-70BEFEBE2CC4} = {AF61A7CB-5890-454E-9D64-CFAC57E73EB9}
		{C5CA673F-BDF7-4171-AA51-D56B6CA41290} = {72D6F266-E4A8-4222-A605-70BEFEBE2CC4}
		{7B2BE631-6D3F-4941-BBB1-D08CD4F50BA3} = {72D6F266-E4A8-4222-A605-70BEFEBE2CC4}
		{2F93C060-1023-47B6-BD3C-F883A63E58CE} = {FF60937D-A41B-48E9-877C-AF39464560D2}
		{648EC895-BE85-43FA-9ECD-2C220F2448D1} = {2F93C060-1023-47B6-BD3C-F883A63E58CE}
		{D4736ACE-B57C-473F-BBE3-A4AD48D7AEB4} = {2F93C060-1023-47B6-BD3C-F883A63E58CE}
	EndGlobalSection
	GlobalSection(ExtensibilityGlobals) = postSolution
		SolutionGuid = {3EDB830C-C832-40F0-A28C-81A97FDA1B65}
	EndGlobalSection
EndGlobal
